
Microsoft Visual Studio Solution File, Format Version 12.00
# Visual Studio Version 17
VisualStudioVersion = 17.11.35208.52
MinimumVisualStudioVersion = 10.0.40219.1
Project("{FAE04EC0-301F-11D3-BF4B-00C04F79EFBC}") = "14_Vogelvoliere", "14_Vogelvoliere\14_Vogelvoliere.csproj", "{19666C78-0582-46A7-AA11-DE265C0A5F0C}"
EndProject
Global
	GlobalSection(SolutionConfigurationPlatforms) = preSolution
		Debug|Any CPU = Debug|Any CPU
		Release|Any CPU = Release|Any CPU
	EndGlobalSection
	GlobalSection(ProjectConfigurationPlatforms) = postSolution
		{19666C78-0582-46A7-AA11-DE265C0A5F0C}.Debug|Any CPU.ActiveCfg = Debug|Any CPU
		{19666C78-0582-46A7-AA11-DE265C0A5F0C}.Debug|Any CPU.Build.0 = Debug|Any CPU
		{19666C78-0582-46A7-AA11-DE265C0A5F0C}.Release|Any CPU.ActiveCfg = Release|Any CPU
		{19666C78-0582-46A7-AA11-DE265C0A5F0C}.Release|Any CPU.Build.0 = Release|Any CPU
	EndGlobalSection
	GlobalSection(SolutionProperties) = preSolution
		HideSolutionNode = FALSE
	EndGlobalSection
	GlobalSection(ExtensibilityGlobals) = postSolution
		SolutionGuid = {8A05D3E2-F68C-4337-BE37-2E782AFDC771}
	EndGlobalSection
EndGlobal
